// !$*UTF8*$!
{
	archiveVersion = 1;
	classes = {
	};
	objectVersion = 50;
	objects = {

/* Begin PBXBuildFile section */
		F34F543A217CD83F004CF2F7 /* FrequencyStatistic.swift in Sources */ = {isa = PBXBuildFile; fileRef = F34F5439217CD83F004CF2F7 /* FrequencyStatistic.swift */; };
		F34F543C217CE714004CF2F7 /* CryptoanalysisVC.swift in Sources */ = {isa = PBXBuildFile; fileRef = F34F543B217CE714004CF2F7 /* CryptoanalysisVC.swift */; };
		F3EC0E95217CD14300FDB55B /* AppDelegate.swift in Sources */ = {isa = PBXBuildFile; fileRef = F3EC0E94217CD14300FDB55B /* AppDelegate.swift */; };
		F3EC0E97217CD14300FDB55B /* ViewController.swift in Sources */ = {isa = PBXBuildFile; fileRef = F3EC0E96217CD14300FDB55B /* ViewController.swift */; };
		F3EC0E99217CD14500FDB55B /* Assets.xcassets in Resources */ = {isa = PBXBuildFile; fileRef = F3EC0E98217CD14500FDB55B /* Assets.xcassets */; };
		F3EC0E9C217CD14500FDB55B /* Main.storyboard in Resources */ = {isa = PBXBuildFile; fileRef = F3EC0E9A217CD14500FDB55B /* Main.storyboard */; };
		F3EC0EA5217CD19A00FDB55B /* Algorithm.swift in Sources */ = {isa = PBXBuildFile; fileRef = F3EC0EA4217CD19A00FDB55B /* Algorithm.swift */; };
/* End PBXBuildFile section */

/* Begin PBXFileReference section */
		F34F5439217CD83F004CF2F7 /* FrequencyStatistic.swift */ = {isa = PBXFileReference; lastKnownFileType = sourcecode.swift; path = FrequencyStatistic.swift; sourceTree = "<group>"; };
		F34F543B217CE714004CF2F7 /* CryptoanalysisVC.swift */ = {isa = PBXFileReference; lastKnownFileType = sourcecode.swift; path = CryptoanalysisVC.swift; sourceTree = "<group>"; };
		F3EC0E91217CD14300FDB55B /* Cryptanalysis.app */ = {isa = PBXFileReference; explicitFileType = wrapper.application; includeInIndex = 0; path = Cryptanalysis.app; sourceTree = BUILT_PRODUCTS_DIR; };
		F3EC0E94217CD14300FDB55B /* AppDelegate.swift */ = {isa = PBXFileReference; lastKnownFileType = sourcecode.swift; path = AppDelegate.swift; sourceTree = "<group>"; };
		F3EC0E96217CD14300FDB55B /* ViewController.swift */ = {isa = PBXFileReference; lastKnownFileType = sourcecode.swift; path = ViewController.swift; sourceTree = "<group>"; };
		F3EC0E98217CD14500FDB55B /* Assets.xcassets */ = {isa = PBXFileReference; lastKnownFileType = folder.assetcatalog; path = Assets.xcassets; sourceTree = "<group>"; };
		F3EC0E9B217CD14500FDB55B /* Base */ = {isa = PBXFileReference; lastKnownFileType = file.storyboard; name = Base; path = Base.lproj/Main.storyboard; sourceTree = "<group>"; };
		F3EC0E9D217CD14500FDB55B /* Info.plist */ = {isa = PBXFileReference; lastKnownFileType = text.plist.xml; path = Info.plist; sourceTree = "<group>"; };
		F3EC0E9E217CD14500FDB55B /* Cryptanalysis.entitlements */ = {isa = PBXFileReference; lastKnownFileType = text.plist.entitlements; path = Cryptanalysis.entitlements; sourceTree = "<group>"; };
		F3EC0EA4217CD19A00FDB55B /* Algorithm.swift */ = {isa = PBXFileReference; lastKnownFileType = sourcecode.swift; path = Algorithm.swift; sourceTree = "<group>"; };
/* End PBXFileReference section */

/* Begin PBXFrameworksBuildPhase section */
		F3EC0E8E217CD14300FDB55B /* Frameworks */ = {
			isa = PBXFrameworksBuildPhase;
			buildActionMask = 2147483647;
			files = (
			);
			runOnlyForDeploymentPostprocessing = 0;
		};
/* End PBXFrameworksBuildPhase section */

/* Begin PBXGroup section */
		F3EC0E88217CD14200FDB55B = {
			isa = PBXGroup;
			children = (
				F3EC0E93217CD14300FDB55B /* Cryptanalysis */,
				F3EC0E92217CD14300FDB55B /* Products */,
			);
			sourceTree = "<group>";
		};
		F3EC0E92217CD14300FDB55B /* Products */ = {
			isa = PBXGroup;
			children = (
				F3EC0E91217CD14300FDB55B /* Cryptanalysis.app */,
			);
			name = Products;
			sourceTree = "<group>";
		};
		F3EC0E93217CD14300FDB55B /* Cryptanalysis */ = {
			isa = PBXGroup;
			children = (
				F3EC0E94217CD14300FDB55B /* AppDelegate.swift */,
				F3EC0EA7217CD1B300FDB55B /* ViewControllers */,
				F3EC0EA6217CD1A100FDB55B /* Model */,
				F3EC0E98217CD14500FDB55B /* Assets.xcassets */,
				F3EC0E9A217CD14500FDB55B /* Main.storyboard */,
				F3EC0E9D217CD14500FDB55B /* Info.plist */,
				F3EC0E9E217CD14500FDB55B /* Cryptanalysis.entitlements */,
			);
			path = Cryptanalysis;
			sourceTree = "<group>";
		};
		F3EC0EA6217CD1A100FDB55B /* Model */ = {
			isa = PBXGroup;
			children = (
				F3EC0EA4217CD19A00FDB55B /* Algorithm.swift */,
				F34F5439217CD83F004CF2F7 /* FrequencyStatistic.swift */,
			);
			path = Model;
			sourceTree = "<group>";
		};
		F3EC0EA7217CD1B300FDB55B /* ViewControllers */ = {
			isa = PBXGroup;
			children = (
				F3EC0E96217CD14300FDB55B /* ViewController.swift */,
				F34F543B217CE714004CF2F7 /* CryptoanalysisVC.swift */,
			);
			path = ViewControllers;
			sourceTree = "<group>";
		};
/* End PBXGroup section */

/* Begin PBXNativeTarget section */
		F3EC0E90217CD14300FDB55B /* Cryptanalysis */ = {
			isa = PBXNativeTarget;
			buildConfigurationList = F3EC0EA1217CD14500FDB55B /* Build configuration list for PBXNativeTarget "Cryptanalysis" */;
			buildPhases = (
				F3EC0E8D217CD14300FDB55B /* Sources */,
				F3EC0E8E217CD14300FDB55B /* Frameworks */,
				F3EC0E8F217CD14300FDB55B /* Resources */,
			);
			buildRules = (
			);
			dependencies = (
			);
			name = Cryptanalysis;
			productName = Cryptanalysis;
			productReference = F3EC0E91217CD14300FDB55B /* Cryptanalysis.app */;
			productType = "com.apple.product-type.application";
		};
/* End PBXNativeTarget section */

/* Begin PBXProject section */
		F3EC0E89217CD14300FDB55B /* Project object */ = {
			isa = PBXProject;
			attributes = {
				LastSwiftUpdateCheck = 1000;
				LastUpgradeCheck = 1000;
				ORGANIZATIONNAME = "Kiryl Holubeu";
				TargetAttributes = {
					F3EC0E90217CD14300FDB55B = {
						CreatedOnToolsVersion = 10.0;
					};
				};
			};
			buildConfigurationList = F3EC0E8C217CD14300FDB55B /* Build configuration list for PBXProject "Cryptanalysis" */;
			compatibilityVersion = "Xcode 9.3";
			developmentRegion = en;
			hasScannedForEncodings = 0;
			knownRegions = (
				en,
				Base,
			);
			mainGroup = F3EC0E88217CD14200FDB55B;
			productRefGroup = F3EC0E92217CD14300FDB55B /* Products */;
			projectDirPath = "";
			projectRoot = "";
			targets = (
				F3EC0E90217CD14300FDB55B /* Cryptanalysis */,
			);
		};
/* End PBXProject section */

/* Begin PBXResourcesBuildPhase section */
		F3EC0E8F217CD14300FDB55B /* Resources */ = {
			isa = PBXResourcesBuildPhase;
			buildActionMask = 2147483647;
			files = (
				F3EC0E99217CD14500FDB55B /* Assets.xcassets in Resources */,
				F3EC0E9C217CD14500FDB55B /* Main.storyboard in Resources */,
			);
			runOnlyForDeploymentPostprocessing = 0;
		};
/* End PBXResourcesBuildPhase section */

/* Begin PBXSourcesBuildPhase section */
		F3EC0E8D217CD14300FDB55B /* Sources */ = {
			isa = PBXSourcesBuildPhase;
			buildActionMask = 2147483647;
			files = (
				F3EC0E97217CD14300FDB55B /* ViewController.swift in Sources */,
				F34F543A217CD83F004CF2F7 /* FrequencyStatistic.swift in Sources */,
				F3EC0EA5217CD19A00FDB55B /* Algorithm.swift in Sources */,
				F34F543C217CE714004CF2F7 /* CryptoanalysisVC.swift in Sources */,
				F3EC0E95217CD14300FDB55B /* AppDelegate.swift in Sources */,
			);
			runOnlyForDeploymentPostprocessing = 0;
		};
/* End PBXSourcesBuildPhase section */

/* Begin PBXVariantGroup section */
		F3EC0E9A217CD14500FDB55B /* Main.storyboard */ = {
			isa = PBXVariantGroup;
			children = (
				F3EC0E9B217CD14500FDB55B /* Base */,
			);
			name = Main.storyboard;
			sourceTree = "<group>";
		};
/* End PBXVariantGroup section */

/* Begin XCBuildConfiguration section */
		F3EC0E9F217CD14500FDB55B /* Debug */ = {
			isa = XCBuildConfiguration;
			buildSettings = {
				ALWAYS_SEARCH_USER_PATHS = NO;
				CLANG_ANALYZER_NONNULL = YES;
				CLANG_ANALYZER_NUMBER_OBJECT_CONVERSION = YES_AGGRESSIVE;
				CLANG_CXX_LANGUAGE_STANDARD = "gnu++14";
				CLANG_CXX_LIBRARY = "libc++";
				CLANG_ENABLE_MODULES = YES;
				CLANG_ENABLE_OBJC_ARC = YES;
				CLANG_ENABLE_OBJC_WEAK = YES;
				CLANG_WARN_BLOCK_CAPTURE_AUTORELEASING = YES;
				CLANG_WARN_BOOL_CONVERSION = YES;
				CLANG_WARN_COMMA = YES;
				CLANG_WARN_CONSTANT_CONVERSION = YES;
				CLANG_WARN_DEPRECATED_OBJC_IMPLEMENTATIONS = YES;
				CLANG_WARN_DIRECT_OBJC_ISA_USAGE = YES_ERROR;
				CLANG_WARN_DOCUMENTATION_COMMENTS = YES;
				CLANG_WARN_EMPTY_BODY = YES;
				CLANG_WARN_ENUM_CONVERSION = YES;
				CLANG_WARN_INFINITE_RECURSION = YES;
				CLANG_WARN_INT_CONVERSION = YES;
				CLANG_WARN_NON_LITERAL_NULL_CONVERSION = YES;
				CLANG_WARN_OBJC_IMPLICIT_RETAIN_SELF = YES;
				CLANG_WARN_OBJC_LITERAL_CONVERSION = YES;
				CLANG_WARN_OBJC_ROOT_CLASS = YES_ERROR;
				CLANG_WARN_RANGE_LOOP_ANALYSIS = YES;
				CLANG_WARN_STRICT_PROTOTYPES = YES;
				CLANG_WARN_SUSPICIOUS_MOVE = YES;
				CLANG_WARN_UNGUARDED_AVAILABILITY = YES_AGGRESSIVE;
				CLANG_WARN_UNREACHABLE_CODE = YES;
				CLANG_WARN__DUPLICATE_METHOD_MATCH = YES;
				CODE_SIGN_IDENTITY = "Mac Developer";
				COPY_PHASE_STRIP = NO;
				DEBUG_INFORMATION_FORMAT = dwarf;
				ENABLE_STRICT_OBJC_MSGSEND = YES;
				ENABLE_TESTABILITY = YES;
				GCC_C_LANGUAGE_STANDARD = gnu11;
				GCC_DYNAMIC_NO_PIC = NO;
				GCC_NO_COMMON_BLOCKS = YES;
				GCC_OPTIMIZATION_LEVEL = 0;
				GCC_PREPROCESSOR_DEFINITIONS = (
					"DEBUG=1",
					"$(inherited)",
				);
				GCC_WARN_64_TO_32_BIT_CONVERSION = YES;
				GCC_WARN_ABOUT_RETURN_TYPE = YES_ERROR;
				GCC_WARN_UNDECLARED_SELECTOR = YES;
				GCC_WARN_UNINITIALIZED_AUTOS = YES_AGGRESSIVE;
				GCC_WARN_UNUSED_FUNCTION = YES;
				GCC_WARN_UNUSED_VARIABLE = YES;
				MACOSX_DEPLOYMENT_TARGET = 10.14;
				MTL_ENABLE_DEBUG_INFO = INCLUDE_SOURCE;
				MTL_FAST_MATH = YES;
				ONLY_ACTIVE_ARCH = YES;
				SDKROOT = macosx;
				SWIFT_ACTIVE_COMPILATION_CONDITIONS = DEBUG;
				SWIFT_OPTIMIZATION_LEVEL = "-Onone";
			};
			name = Debug;
		};
		F3EC0EA0217CD14500FDB55B /* Release */ = {
			isa = XCBuildConfiguration;
			buildSettings = {
				ALWAYS_SEARCH_USER_PATHS = NO;
				CLANG_ANALYZER_NONNULL = YES;
				CLANG_ANALYZER_NUMBER_OBJECT_CONVERSION = YES_AGGRESSIVE;
				CLANG_CXX_LANGUAGE_STANDARD = "gnu++14";
				CLANG_CXX_LIBRARY = "libc++";
				CLANG_ENABLE_MODULES = YES;
				CLANG_ENABLE_OBJC_ARC = YES;
				CLANG_ENABLE_OBJC_WEAK = YES;
				CLANG_WARN_BLOCK_CAPTURE_AUTORELEASING = YES;
				CLANG_WARN_BOOL_CONVERSION = YES;
				CLANG_WARN_COMMA = YES;
				CLANG_WARN_CONSTANT_CONVERSION = YES;
				CLANG_WARN_DEPRECATED_OBJC_IMPLEMENTATIONS = YES;
				CLANG_WARN_DIRECT_OBJC_ISA_USAGE = YES_ERROR;
				CLANG_WARN_DOCUMENTATION_COMMENTS = YES;
				CLANG_WARN_EMPTY_BODY = YES;
				CLANG_WARN_ENUM_CONVERSION = YES;
				CLANG_WARN_INFINITE_RECURSION = YES;
				CLANG_WARN_INT_CONVERSION = YES;
				CLANG_WARN_NON_LITERAL_NULL_CONVERSION = YES;
				CLANG_WARN_OBJC_IMPLICIT_RETAIN_SELF = YES;
				CLANG_WARN_OBJC_LITERAL_CONVERSION = YES;
				CLANG_WARN_OBJC_ROOT_CLASS = YES_ERROR;
				CLANG_WARN_RANGE_LOOP_ANALYSIS = YES;
				CLANG_WARN_STRICT_PROTOTYPES = YES;
				CLANG_WARN_SUSPICIOUS_MOVE = YES;
				CLANG_WARN_UNGUARDED_AVAILABILITY = YES_AGGRESSIVE;
				CLANG_WARN_UNREACHABLE_CODE = YES;
				CLANG_WARN__DUPLICATE_METHOD_MATCH = YES;
				CODE_SIGN_IDENTITY = "Mac Developer";
				COPY_PHASE_STRIP = NO;
				DEBUG_INFORMATION_FORMAT = "dwarf-with-dsym";
				ENABLE_NS_ASSERTIONS = NO;
				ENABLE_STRICT_OBJC_MSGSEND = YES;
				GCC_C_LANGUAGE_STANDARD = gnu11;
				GCC_NO_COMMON_BLOCKS = YES;
				GCC_WARN_64_TO_32_BIT_CONVERSION = YES;
				GCC_WARN_ABOUT_RETURN_TYPE = YES_ERROR;
				GCC_WARN_UNDECLARED_SELECTOR = YES;
				GCC_WARN_UNINITIALIZED_AUTOS = YES_AGGRESSIVE;
				GCC_WARN_UNUSED_FUNCTION = YES;
				GCC_WARN_UNUSED_VARIABLE = YES;
				MACOSX_DEPLOYMENT_TARGET = 10.14;
				MTL_ENABLE_DEBUG_INFO = NO;
				MTL_FAST_MATH = YES;
				SDKROOT = macosx;
				SWIFT_COMPILATION_MODE = wholemodule;
				SWIFT_OPTIMIZATION_LEVEL = "-O";
			};
			name = Release;
		};
		F3EC0EA2217CD14500FDB55B /* Debug */ = {
			isa = XCBuildConfiguration;
			buildSettings = {
				ASSETCATALOG_COMPILER_APPICON_NAME = AppIcon;
				CODE_SIGN_ENTITLEMENTS = Cryptanalysis/Cryptanalysis.entitlements;
				CODE_SIGN_STYLE = Automatic;
				COMBINE_HIDPI_IMAGES = YES;
				DEVELOPMENT_TEAM = 47K9CVZBFJ;
				INFOPLIST_FILE = Cryptanalysis/Info.plist;
				LD_RUNPATH_SEARCH_PATHS = (
					"$(inherited)",
					"@executable_path/../Frameworks",
				);
				PRODUCT_BUNDLE_IDENTIFIER = men.brakh.Cryptanalysis;
				PRODUCT_NAME = "$(TARGET_NAME)";
				SWIFT_VERSION = 4.2;
			};
			name = Debug;
		};
		F3EC0EA3217CD14500FDB55B /* Release */ = {
			isa = XCBuildConfiguration;
			buildSettings = {
				ASSETCATALOG_COMPILER_APPICON_NAME = AppIcon;
				CODE_SIGN_ENTITLEMENTS = Cryptanalysis/Cryptanalysis.entitlements;
				CODE_SIGN_STYLE = Automatic;
				COMBINE_HIDPI_IMAGES = YES;
				DEVELOPMENT_TEAM = 47K9CVZBFJ;
				INFOPLIST_FILE = Cryptanalysis/Info.plist;
				LD_RUNPATH_SEARCH_PATHS = (
					"$(inherited)",
					"@executable_path/../Frameworks",
				);
				PRODUCT_BUNDLE_IDENTIFIER = men.brakh.Cryptanalysis;
				PRODUCT_NAME = "$(TARGET_NAME)";
				SWIFT_VERSION = 4.2;
			};
			name = Release;
		};
/* End XCBuildConfiguration section */

/* Begin XCConfigurationList section */
		F3EC0E8C217CD14300FDB55B /* Build configuration list for PBXProject "Cryptanalysis" */ = {
			isa = XCConfigurationList;
			buildConfigurations = (
				F3EC0E9F217CD14500FDB55B /* Debug */,
				F3EC0EA0217CD14500FDB55B /* Release */,
			);
			defaultConfigurationIsVisible = 0;
			defaultConfigurationName = Release;
		};
		F3EC0EA1217CD14500FDB55B /* Build configuration list for PBXNativeTarget "Cryptanalysis" */ = {
			isa = XCConfigurationList;
			buildConfigurations = (
				F3EC0EA2217CD14500FDB55B /* Debug */,
				F3EC0EA3217CD14500FDB55B /* Release */,
			);
			defaultConfigurationIsVisible = 0;
			defaultConfigurationName = Release;
		};
/* End XCConfigurationList section */
	};
	rootObject = F3EC0E89217CD14300FDB55B /* Project object */;
}
